
Microsoft Visual Studio Solution File, Format Version 12.00
# Visual Studio Version 17
VisualStudioVersion = 17.6.33829.357
MinimumVisualStudioVersion = 10.0.40219.1
Project("{FAE04EC0-301F-11D3-BF4B-00C04F79EFBC}") = "UserAuth", "UserAuth\UserAuth.csproj", "{62FEFD0E-560D-445E-B010-E51899DA709E}"
EndProject
Global
	GlobalSection(SolutionConfigurationPlatforms) = preSolution
		Debug|Any CPU = Debug|Any CPU
		Release|Any CPU = Release|Any CPU
	EndGlobalSection
	GlobalSection(ProjectConfigurationPlatforms) = postSolution
		{62FEFD0E-560D-445E-B010-E51899DA709E}.Debug|Any CPU.ActiveCfg = Debug|Any CPU
		{62FEFD0E-560D-445E-B010-E51899DA709E}.Debug|Any CPU.Build.0 = Debug|Any CPU
		{62FEFD0E-560D-445E-B010-E51899DA709E}.Release|Any CPU.ActiveCfg = Release|Any CPU
		{62FEFD0E-560D-445E-B010-E51899DA709E}.Release|Any CPU.Build.0 = Release|Any CPU
	EndGlobalSection
	GlobalSection(SolutionProperties) = preSolution
		HideSolutionNode = FALSE
	EndGlobalSection
	GlobalSection(ExtensibilityGlobals) = postSolution
		SolutionGuid = {391B148A-FABD-4625-92C5-48FD6CA019D4}
	EndGlobalSection
EndGlobal
