
Microsoft Visual Studio Solution File, Format Version 12.00
# Visual Studio Version 17
VisualStudioVersion = 17.5.001.0
MinimumVisualStudioVersion = 10.0.40219.1
Project("{9A19103F-16F7-4668-BE54-9A1E7A4F7556}") = "Backend", "Backend.csproj", "{780622E3-B204-4F55-AE0A-48F8590A9252}"
EndProject
Global
	GlobalSection(SolutionConfigurationPlatforms) = preSolution
		Debug|Any CPU = Debug|Any CPU
		Release|Any CPU = Release|Any CPU
	EndGlobalSection
	GlobalSection(ProjectConfigurationPlatforms) = postSolution
		{780622E3-B204-4F55-AE0A-48F8590A9252}.Debug|Any CPU.ActiveCfg = Debug|Any CPU
		{780622E3-B204-4F55-AE0A-48F8590A9252}.Debug|Any CPU.Build.0 = Debug|Any CPU
		{780622E3-B204-4F55-AE0A-48F8590A9252}.Release|Any CPU.ActiveCfg = Release|Any CPU
		{780622E3-B204-4F55-AE0A-48F8590A9252}.Release|Any CPU.Build.0 = Release|Any CPU
	EndGlobalSection
	GlobalSection(SolutionProperties) = preSolution
		HideSolutionNode = FALSE
	EndGlobalSection
	GlobalSection(ExtensibilityGlobals) = postSolution
		SolutionGuid = {C3161356-C7A6-4CEE-8CC6-106FD02D18EA}
	EndGlobalSection
EndGlobal
