
Microsoft Visual Studio Solution File, Format Version 12.00
# Visual Studio Version 16
VisualStudioVersion = 25.0.1706.1
MinimumVisualStudioVersion = 10.0.40219.1
Project("{FAE04EC0-301F-11D3-BF4B-00C04F79EFBC}") = "ITS", "ITS\ITS.csproj", "{3468CB21-8C7E-438D-B45C-993B894A6711}"
EndProject
Global
	GlobalSection(SolutionConfigurationPlatforms) = preSolution
		Debug|Any CPU = Debug|Any CPU
		Release|Any CPU = Release|Any CPU
	EndGlobalSection
	GlobalSection(ProjectConfigurationPlatforms) = postSolution
		{3468CB21-8C7E-438D-B45C-993B894A6711}.Debug|Any CPU.ActiveCfg = Debug|Any CPU
		{3468CB21-8C7E-438D-B45C-993B894A6711}.Debug|Any CPU.Build.0 = Debug|Any CPU
		{3468CB21-8C7E-438D-B45C-993B894A6711}.Release|Any CPU.ActiveCfg = Release|Any CPU
		{3468CB21-8C7E-438D-B45C-993B894A6711}.Release|Any CPU.Build.0 = Release|Any CPU
	EndGlobalSection
	GlobalSection(SolutionProperties) = preSolution
		HideSolutionNode = FALSE
	EndGlobalSection
	GlobalSection(ExtensibilityGlobals) = postSolution
		SolutionGuid = {91BC280D-4BF3-487D-BD12-72714A436858}
	EndGlobalSection
EndGlobal
